
Microsoft Visual Studio Solution File, Format Version 12.00
# Visual Studio Version 17
VisualStudioVersion = 17.5.33414.496
MinimumVisualStudioVersion = 10.0.40219.1
Project("{FAE04EC0-301F-11D3-BF4B-00C04F79EFBC}") = "BasicAPI", "BasicAPI\BasicAPI.csproj", "{ABED8B9A-E930-40BB-B6E0-A69DFCC47C1D}"
EndProject
Global
	GlobalSection(SolutionConfigurationPlatforms) = preSolution
		Debug|Any CPU = Debug|Any CPU
		Release|Any CPU = Release|Any CPU
	EndGlobalSection
	GlobalSection(ProjectConfigurationPlatforms) = postSolution
		{ABED8B9A-E930-40BB-B6E0-A69DFCC47C1D}.Debug|Any CPU.ActiveCfg = Debug|Any CPU
		{ABED8B9A-E930-40BB-B6E0-A69DFCC47C1D}.Debug|Any CPU.Build.0 = Debug|Any CPU
		{ABED8B9A-E930-40BB-B6E0-A69DFCC47C1D}.Release|Any CPU.ActiveCfg = Release|Any CPU
		{ABED8B9A-E930-40BB-B6E0-A69DFCC47C1D}.Release|Any CPU.Build.0 = Release|Any CPU
	EndGlobalSection
	GlobalSection(SolutionProperties) = preSolution
		HideSolutionNode = FALSE
	EndGlobalSection
	GlobalSection(ExtensibilityGlobals) = postSolution
		SolutionGuid = {A6AF3521-9BDD-4567-BF34-A6B1D289F841}
	EndGlobalSection
EndGlobal
